
Microsoft Visual Studio Solution File, Format Version 12.00
# Visual Studio Version 16
VisualStudioVersion = 16.0.30330.147
MinimumVisualStudioVersion = 10.0.40219.1
Project("{FAE04EC0-301F-11D3-BF4B-00C04F79EFBC}") = "WindowsServiceDeneme", "WindowsServiceDeneme\WindowsServiceDeneme.csproj", "{01F4E4CE-83DB-4D80-B34F-9751EA7CF4FD}"
EndProject
Global
	GlobalSection(SolutionConfigurationPlatforms) = preSolution
		Debug|Any CPU = Debug|Any CPU
		Release|Any CPU = Release|Any CPU
	EndGlobalSection
	GlobalSection(ProjectConfigurationPlatforms) = postSolution
		{01F4E4CE-83DB-4D80-B34F-9751EA7CF4FD}.Debug|Any CPU.ActiveCfg = Debug|Any CPU
		{01F4E4CE-83DB-4D80-B34F-9751EA7CF4FD}.Debug|Any CPU.Build.0 = Debug|Any CPU
		{01F4E4CE-83DB-4D80-B34F-9751EA7CF4FD}.Release|Any CPU.ActiveCfg = Release|Any CPU
		{01F4E4CE-83DB-4D80-B34F-9751EA7CF4FD}.Release|Any CPU.Build.0 = Release|Any CPU
	EndGlobalSection
	GlobalSection(SolutionProperties) = preSolution
		HideSolutionNode = FALSE
	EndGlobalSection
	GlobalSection(ExtensibilityGlobals) = postSolution
		SolutionGuid = {D78FD514-C5DD-4A55-8AEC-BAE392682230}
	EndGlobalSection
EndGlobal
